Microsoft Visual Studio Solution File, Format Version 12.00
# Visual Studio Version 18
VisualStudioVersion = 18.1.11312.151
MinimumVisualStudioVersion = 10.0.40219.1
Project("{FAE04EC0-301F-11D3-BF4B-00C04F79EFBC}") = "CyberPrism", "CyberPrism\CyberPrism.csproj", "{A448AC05-1391-477B-8694-8B71C05837FC}"
EndProject
Project("{FAE04EC0-301F-11D3-BF4B-00C04F79EFBC}") = "CyberPrism.Core", "CyberPrism.Core\CyberPrism.Core.csproj", "{158A109B-F094-4310-80CB-51C20714D426}"
EndProject
Project("{2150E333-8FDC-42A3-9474-1A3956D46DE8}") = "Modules", "Modules", "{CA253913-39DE-BFD0-C9A3-4B7EC6FBDF17}"
EndProject
Project("{FAE04EC0-301F-11D3-BF4B-00C04F79EFBC}") = "CyberPrism.Modules.Analytics", "Modules\CyberPrism.Modules.Analytics\CyberPrism.Modules.Analytics.csproj", "{E69A7147-D030-4D6D-B1C0-35D920B0119A}"
EndProject
Project("{FAE04EC0-301F-11D3-BF4B-00C04F79EFBC}") = "CyberPrism.Modules.Dashboard", "Modules\CyberPrism.Modules.Dashboard\CyberPrism.Modules.Dashboard.csproj", "{B13C97DC-B0F4-4410-8AED-3C5274F1FF93}"
EndProject
Project("{FAE04EC0-301F-11D3-BF4B-00C04F79EFBC}") = "CyberPrism.Modules.Production", "Modules\CyberPrism.Modules.Production\CyberPrism.Modules.Production.csproj", "{5BC84B87-8719-4619-A516-8BDE44070A73}"
EndProject
Project("{FAE04EC0-301F-11D3-BF4B-00C04F79EFBC}") = "CyberPrism.Modules.Settings", "Modules\CyberPrism.Modules.Settings\CyberPrism.Modules.Settings.csproj", "{25467FC6-894A-41E8-993A-32F0CD2BCC81}"
EndProject
Project("{2150E333-8FDC-42A3-9474-1A3956D46DE8}") = "Tests", "Tests", "{0AB3BF05-4346-4AA6-1389-037BE0695223}"
EndProject
Project("{FAE04EC0-301F-11D3-BF4B-00C04F79EFBC}") = "CyberPrism.Modules.Analytics.Tests", "Tests\CyberPrism.Modules.Analytics.Tests\CyberPrism.Modules.Analytics.Tests.csproj", "{31277FBF-ADE6-4152-B909-29C8D5299116}"
EndProject
Project("{FAE04EC0-301F-11D3-BF4B-00C04F79EFBC}") = "CyberPrism.Modules.Dashboard.Tests", "Tests\CyberPrism.Modules.Dashboard.Tests\CyberPrism.Modules.Dashboard.Tests.csproj", "{B9795E9D-0A02-4AB7-9F35-41C578D5B99C}"
EndProject
Project("{FAE04EC0-301F-11D3-BF4B-00C04F79EFBC}") = "CyberPrism.Modules.Production.Tests", "Tests\CyberPrism.Modules.Production.Tests\CyberPrism.Modules.Production.Tests.csproj", "{E5FD3DCA-3FDD-47E1-8429-38CBE57446C0}"
EndProject
Project("{FAE04EC0-301F-11D3-BF4B-00C04F79EFBC}") = "CyberPrism.Modules.Settings.Tests", "Tests\CyberPrism.Modules.Settings.Tests\CyberPrism.Modules.Settings.Tests.csproj", "{F7067FD4-FAE3-46F1-B42D-911C82554465}"
EndProject
Project("{FAE04EC0-301F-11D3-BF4B-00C04F79EFBC}") = "CyberPrism.Tests", "Tests\CyberPrism.Tests\CyberPrism.Tests.csproj", "{69EE1485-F1E4-411C-9292-7E5F0B74B359}"
EndProject
Project("{FAE04EC0-301F-11D3-BF4B-00C04F79EFBC}") = "CyberPrism.Modules.FactoryVisual", "Modules\CyberPrism.Modules.FactoryVisual\CyberPrism.Modules.FactoryVisual.csproj", "{450A6205-BDFA-41C8-BEDC-D23F241E037C}"
EndProject
Project("{FAE04EC0-301F-11D3-BF4B-00C04F79EFBC}") = "CyberPrism.Server", "CyberPrism.Server\CyberPrism.Server.csproj", "{E51FA2AD-D1D1-D7EB-06B0-56E90B154A25}"
EndProject
Global
	GlobalSection(SolutionConfigurationPlatforms) = preSolution
		Debug|Any CPU = Debug|Any CPU
		Debug|x64 = Debug|x64
		Debug|x86 = Debug|x86
		Release|Any CPU = Release|Any CPU
		Release|x64 = Release|x64
		Release|x86 = Release|x86
	EndGlobalSection
	GlobalSection(ProjectConfigurationPlatforms) = postSolution
		{A448AC05-1391-477B-8694-8B71C05837FC}.Debug|Any CPU.ActiveCfg = Debug|Any CPU
		{A448AC05-1391-477B-8694-8B71C05837FC}.Debug|Any CPU.Build.0 = Debug|Any CPU
		{A448AC05-1391-477B-8694-8B71C05837FC}.Debug|x64.ActiveCfg = Debug|Any CPU
		{A448AC05-1391-477B-8694-8B71C05837FC}.Debug|x64.Build.0 = Debug|Any CPU
		{A448AC05-1391-477B-8694-8B71C05837FC}.Debug|x86.ActiveCfg = Debug|Any CPU
		{A448AC05-1391-477B-8694-8B71C05837FC}.Debug|x86.Build.0 = Debug|Any CPU
		{A448AC05-1391-477B-8694-8B71C05837FC}.Release|Any CPU.ActiveCfg = Release|Any CPU
		{A448AC05-1391-477B-8694-8B71C05837FC}.Release|Any CPU.Build.0 = Release|Any CPU
		{A448AC05-1391-477B-8694-8B71C05837FC}.Release|x64.ActiveCfg = Release|Any CPU
		{A448AC05-1391-477B-8694-8B71C05837FC}.Release|x64.Build.0 = Release|Any CPU
		{A448AC05-1391-477B-8694-8B71C05837FC}.Release|x86.ActiveCfg = Release|Any CPU
		{A448AC05-1391-477B-8694-8B71C05837FC}.Release|x86.Build.0 = Release|Any CPU
		{158A109B-F094-4310-80CB-51C20714D426}.Debug|Any CPU.ActiveCfg = Debug|Any CPU
		{158A109B-F094-4310-80CB-51C20714D426}.Debug|Any CPU.Build.0 = Debug|Any CPU
		{158A109B-F094-4310-80CB-51C20714D426}.Debug|x64.ActiveCfg = Debug|Any CPU
		{158A109B-F094-4310-80CB-51C20714D426}.Debug|x64.Build.0 = Debug|Any CPU
		{158A109B-F094-4310-80CB-51C20714D426}.Debug|x86.ActiveCfg = Debug|Any CPU
		{158A109B-F094-4310-80CB-51C20714D426}.Debug|x86.Build.0 = Debug|Any CPU
		{158A109B-F094-4310-80CB-51C20714D426}.Release|Any CPU.ActiveCfg = Release|Any CPU
		{158A109B-F094-4310-80CB-51C20714D426}.Release|Any CPU.Build.0 = Release|Any CPU
		{158A109B-F094-4310-80CB-51C20714D426}.Release|x64.ActiveCfg = Release|Any CPU
		{158A109B-F094-4310-80CB-51C20714D426}.Release|x64.Build.0 = Release|Any CPU
		{158A109B-F094-4310-80CB-51C20714D426}.Release|x86.ActiveCfg = Release|Any CPU
		{158A109B-F094-4310-80CB-51C20714D426}.Release|x86.Build.0 = Release|Any CPU
		{E69A7147-D030-4D6D-B1C0-35D920B0119A}.Debug|Any CPU.ActiveCfg = Debug|Any CPU
		{E69A7147-D030-4D6D-B1C0-35D920B0119A}.Debug|Any CPU.Build.0 = Debug|Any CPU
		{E69A7147-D030-4D6D-B1C0-35D920B0119A}.Debug|x64.ActiveCfg = Debug|Any CPU
		{E69A7147-D030-4D6D-B1C0-35D920B0119A}.Debug|x64.Build.0 = Debug|Any CPU
		{E69A7147-D030-4D6D-B1C0-35D920B0119A}.Debug|x86.ActiveCfg = Debug|Any CPU
		{E69A7147-D030-4D6D-B1C0-35D920B0119A}.Debug|x86.Build.0 = Debug|Any CPU
		{E69A7147-D030-4D6D-B1C0-35D920B0119A}.Release|Any CPU.ActiveCfg = Release|Any CPU
		{E69A7147-D030-4D6D-B1C0-35D920B0119A}.Release|Any CPU.Build.0 = Release|Any CPU
		{E69A7147-D030-4D6D-B1C0-35D920B0119A}.Release|x64.ActiveCfg = Release|Any CPU
		{E69A7147-D030-4D6D-B1C0-35D920B0119A}.Release|x64.Build.0 = Release|Any CPU
		{E69A7147-D030-4D6D-B1C0-35D920B0119A}.Release|x86.ActiveCfg = Release|Any CPU
		{E69A7147-D030-4D6D-B1C0-35D920B0119A}.Release|x86.Build.0 = Release|Any CPU
		{B13C97DC-B0F4-4410-8AED-3C5274F1FF93}.Debug|Any CPU.ActiveCfg = Debug|Any CPU
		{B13C97DC-B0F4-4410-8AED-3C5274F1FF93}.Debug|Any CPU.Build.0 = Debug|Any CPU
		{B13C97DC-B0F4-4410-8AED-3C5274F1FF93}.Debug|x64.ActiveCfg = Debug|Any CPU
		{B13C97DC-B0F4-4410-8AED-3C5274F1FF93}.Debug|x64.Build.0 = Debug|Any CPU
		{B13C97DC-B0F4-4410-8AED-3C5274F1FF93}.Debug|x86.ActiveCfg = Debug|Any CPU
		{B13C97DC-B0F4-4410-8AED-3C5274F1FF93}.Debug|x86.Build.0 = Debug|Any CPU
		{B13C97DC-B0F4-4410-8AED-3C5274F1FF93}.Release|Any CPU.ActiveCfg = Release|Any CPU
		{B13C97DC-B0F4-4410-8AED-3C5274F1FF93}.Release|Any CPU.Build.0 = Release|Any CPU
		{B13C97DC-B0F4-4410-8AED-3C5274F1FF93}.Release|x64.ActiveCfg = Release|Any CPU
		{B13C97DC-B0F4-4410-8AED-3C5274F1FF93}.Release|x64.Build.0 = Release|Any CPU
		{B13C97DC-B0F4-4410-8AED-3C5274F1FF93}.Release|x86.ActiveCfg = Release|Any CPU
		{B13C97DC-B0F4-4410-8AED-3C5274F1FF93}.Release|x86.Build.0 = Release|Any CPU
		{5BC84B87-8719-4619-A516-8BDE44070A73}.Debug|Any CPU.ActiveCfg = Debug|Any CPU
		{5BC84B87-8719-4619-A516-8BDE44070A73}.Debug|Any CPU.Build.0 = Debug|Any CPU
		{5BC84B87-8719-4619-A516-8BDE44070A73}.Debug|x64.ActiveCfg = Debug|Any CPU
		{5BC84B87-8719-4619-A516-8BDE44070A73}.Debug|x64.Build.0 = Debug|Any CPU
		{5BC84B87-8719-4619-A516-8BDE44070A73}.Debug|x86.ActiveCfg = Debug|Any CPU
		{5BC84B87-8719-4619-A516-8BDE44070A73}.Debug|x86.Build.0 = Debug|Any CPU
		{5BC84B87-8719-4619-A516-8BDE44070A73}.Release|Any CPU.ActiveCfg = Release|Any CPU
		{5BC84B87-8719-4619-A516-8BDE44070A73}.Release|Any CPU.Build.0 = Release|Any CPU
		{5BC84B87-8719-4619-A516-8BDE44070A73}.Release|x64.ActiveCfg = Release|Any CPU
		{5BC84B87-8719-4619-A516-8BDE44070A73}.Release|x64.Build.0 = Release|Any CPU
		{5BC84B87-8719-4619-A516-8BDE44070A73}.Release|x86.ActiveCfg = Release|Any CPU
		{5BC84B87-8719-4619-A516-8BDE44070A73}.Release|x86.Build.0 = Release|Any CPU
		{25467FC6-894A-41E8-993A-32F0CD2BCC81}.Debug|Any CPU.ActiveCfg = Debug|Any CPU
		{25467FC6-894A-41E8-993A-32F0CD2BCC81}.Debug|Any CPU.Build.0 = Debug|Any CPU
		{25467FC6-894A-41E8-993A-32F0CD2BCC81}.Debug|x64.ActiveCfg = Debug|Any CPU
		{25467FC6-894A-41E8-993A-32F0CD2BCC81}.Debug|x64.Build.0 = Debug|Any CPU
		{25467FC6-894A-41E8-993A-32F0CD2BCC81}.Debug|x86.ActiveCfg = Debug|Any CPU
		{25467FC6-894A-41E8-993A-32F0CD2BCC81}.Debug|x86.Build.0 = Debug|Any CPU
		{25467FC6-894A-41E8-993A-32F0CD2BCC81}.Release|Any CPU.ActiveCfg = Release|Any CPU
		{25467FC6-894A-41E8-993A-32F0CD2BCC81}.Release|Any CPU.Build.0 = Release|Any CPU
		{25467FC6-894A-41E8-993A-32F0CD2BCC81}.Release|x64.ActiveCfg = Release|Any CPU
		{25467FC6-894A-41E8-993A-32F0CD2BCC81}.Release|x64.Build.0 = Release|Any CPU
		{25467FC6-894A-41E8-993A-32F0CD2BCC81}.Release|x86.ActiveCfg = Release|Any CPU
		{25467FC6-894A-41E8-993A-32F0CD2BCC81}.Release|x86.Build.0 = Release|Any CPU
		{31277FBF-ADE6-4152-B909-29C8D5299116}.Debug|Any CPU.ActiveCfg = Debug|Any CPU
		{31277FBF-ADE6-4152-B909-29C8D5299116}.Debug|Any CPU.Build.0 = Debug|Any CPU
		{31277FBF-ADE6-4152-B909-29C8D5299116}.Debug|x64.ActiveCfg = Debug|Any CPU
		{31277FBF-ADE6-4152-B909-29C8D5299116}.Debug|x64.Build.0 = Debug|Any CPU
		{31277FBF-ADE6-4152-B909-29C8D5299116}.Debug|x86.ActiveCfg = Debug|Any CPU
		{31277FBF-ADE6-4152-B909-29C8D5299116}.Debug|x86.Build.0 = Debug|Any CPU
		{31277FBF-ADE6-4152-B909-29C8D5299116}.Release|Any CPU.ActiveCfg = Release|Any CPU
		{31277FBF-ADE6-4152-B909-29C8D5299116}.Release|Any CPU.Build.0 = Release|Any CPU
		{31277FBF-ADE6-4152-B909-29C8D5299116}.Release|x64.ActiveCfg = Release|Any CPU
		{31277FBF-ADE6-4152-B909-29C8D5299116}.Release|x64.Build.0 = Release|Any CPU
		{31277FBF-ADE6-4152-B909-29C8D5299116}.Release|x86.ActiveCfg = Release|Any CPU
		{31277FBF-ADE6-4152-B909-29C8D5299116}.Release|x86.Build.0 = Release|Any CPU
		{B9795E9D-0A02-4AB7-9F35-41C578D5B99C}.Debug|Any CPU.ActiveCfg = Debug|Any CPU
		{B9795E9D-0A02-4AB7-9F35-41C578D5B99C}.Debug|Any CPU.Build.0 = Debug|Any CPU
		{B9795E9D-0A02-4AB7-9F35-41C578D5B99C}.Debug|x64.ActiveCfg = Debug|Any CPU
		{B9795E9D-0A02-4AB7-9F35-41C578D5B99C}.Debug|x64.Build.0 = Debug|Any CPU
		{B9795E9D-0A02-4AB7-9F35-41C578D5B99C}.Debug|x86.ActiveCfg = Debug|Any CPU
		{B9795E9D-0A02-4AB7-9F35-41C578D5B99C}.Debug|x86.Build.0 = Debug|Any CPU
		{B9795E9D-0A02-4AB7-9F35-41C578D5B99C}.Release|Any CPU.ActiveCfg = Release|Any CPU
		{B9795E9D-0A02-4AB7-9F35-41C578D5B99C}.Release|Any CPU.Build.0 = Release|Any CPU
		{B9795E9D-0A02-4AB7-9F35-41C578D5B99C}.Release|x64.ActiveCfg = Release|Any CPU
		{B9795E9D-0A02-4AB7-9F35-41C578D5B99C}.Release|x64.Build.0 = Release|Any CPU
		{B9795E9D-0A02-4AB7-9F35-41C578D5B99C}.Release|x86.ActiveCfg = Release|Any CPU
		{B9795E9D-0A02-4AB7-9F35-41C578D5B99C}.Release|x86.Build.0 = Release|Any CPU
		{E5FD3DCA-3FDD-47E1-8429-38CBE57446C0}.Debug|Any CPU.ActiveCfg = Debug|Any CPU
		{E5FD3DCA-3FDD-47E1-8429-38CBE57446C0}.Debug|Any CPU.Build.0 = Debug|Any CPU
		{E5FD3DCA-3FDD-47E1-8429-38CBE57446C0}.Debug|x64.ActiveCfg = Debug|Any CPU
		{E5FD3DCA-3FDD-47E1-8429-38CBE57446C0}.Debug|x64.Build.0 = Debug|Any CPU
		{E5FD3DCA-3FDD-47E1-8429-38CBE57446C0}.Debug|x86.ActiveCfg = Debug|Any CPU
		{E5FD3DCA-3FDD-47E1-8429-38CBE57446C0}.Debug|x86.Build.0 = Debug|Any CPU
		{E5FD3DCA-3FDD-47E1-8429-38CBE57446C0}.Release|Any CPU.ActiveCfg = Release|Any CPU
		{E5FD3DCA-3FDD-47E1-8429-38CBE57446C0}.Release|Any CPU.Build.0 = Release|Any CPU
		{E5FD3DCA-3FDD-47E1-8429-38CBE57446C0}.Release|x64.ActiveCfg = Release|Any CPU
		{E5FD3DCA-3FDD-47E1-8429-38CBE57446C0}.Release|x64.Build.0 = Release|Any CPU
		{E5FD3DCA-3FDD-47E1-8429-38CBE57446C0}.Release|x86.ActiveCfg = Release|Any CPU
		{E5FD3DCA-3FDD-47E1-8429-38CBE57446C0}.Release|x86.Build.0 = Release|Any CPU
		{F7067FD4-FAE3-46F1-B42D-911C82554465}.Debug|Any CPU.ActiveCfg = Debug|Any CPU
		{F7067FD4-FAE3-46F1-B42D-911C82554465}.Debug|Any CPU.Build.0 = Debug|Any CPU
		{F7067FD4-FAE3-46F1-B42D-911C82554465}.Debug|x64.ActiveCfg = Debug|Any CPU
		{F7067FD4-FAE3-46F1-B42D-911C82554465}.Debug|x64.Build.0 = Debug|Any CPU
		{F7067FD4-FAE3-46F1-B42D-911C82554465}.Debug|x86.ActiveCfg = Debug|Any CPU
		{F7067FD4-FAE3-46F1-B42D-911C82554465}.Debug|x86.Build.0 = Debug|Any CPU
		{F7067FD4-FAE3-46F1-B42D-911C82554465}.Release|Any CPU.ActiveCfg = Release|Any CPU
		{F7067FD4-FAE3-46F1-B42D-911C82554465}.Release|Any CPU.Build.0 = Release|Any CPU
		{F7067FD4-FAE3-46F1-B42D-911C82554465}.Release|x64.ActiveCfg = Release|Any CPU
		{F7067FD4-FAE3-46F1-B42D-911C82554465}.Release|x64.Build.0 = Release|Any CPU
		{F7067FD4-FAE3-46F1-B42D-911C82554465}.Release|x86.ActiveCfg = Release|Any CPU
		{F7067FD4-FAE3-46F1-B42D-911C82554465}.Release|x86.Build.0 = Release|Any CPU
		{69EE1485-F1E4-411C-9292-7E5F0B74B359}.Debug|Any CPU.ActiveCfg = Debug|Any CPU
		{69EE1485-F1E4-411C-9292-7E5F0B74B359}.Debug|Any CPU.Build.0 = Debug|Any CPU
		{69EE1485-F1E4-411C-9292-7E5F0B74B359}.Debug|x64.ActiveCfg = Debug|Any CPU
		{69EE1485-F1E4-411C-9292-7E5F0B74B359}.Debug|x64.Build.0 = Debug|Any CPU
		{69EE1485-F1E4-411C-9292-7E5F0B74B359}.Debug|x86.ActiveCfg = Debug|Any CPU
		{69EE1485-F1E4-411C-9292-7E5F0B74B359}.Debug|x86.Build.0 = Debug|Any CPU
		{69EE1485-F1E4-411C-9292-7E5F0B74B359}.Release|Any CPU.ActiveCfg = Release|Any CPU
		{69EE1485-F1E4-411C-9292-7E5F0B74B359}.Release|Any CPU.Build.0 = Release|Any CPU
		{69EE1485-F1E4-411C-9292-7E5F0B74B359}.Release|x64.ActiveCfg = Release|Any CPU
		{69EE1485-F1E4-411C-9292-7E5F0B74B359}.Release|x64.Build.0 = Release|Any CPU
		{69EE1485-F1E4-411C-9292-7E5F0B74B359}.Release|x86.ActiveCfg = Release|Any CPU
		{69EE1485-F1E4-411C-9292-7E5F0B74B359}.Release|x86.Build.0 = Release|Any CPU
		{450A6205-BDFA-41C8-BEDC-D23F241E037C}.Debug|Any CPU.ActiveCfg = Debug|Any CPU
		{450A6205-BDFA-41C8-BEDC-D23F241E037C}.Debug|Any CPU.Build.0 = Debug|Any CPU
		{450A6205-BDFA-41C8-BEDC-D23F241E037C}.Debug|x64.ActiveCfg = Debug|Any CPU
		{450A6205-BDFA-41C8-BEDC-D23F241E037C}.Debug|x64.Build.0 = Debug|Any CPU
		{450A6205-BDFA-41C8-BEDC-D23F241E037C}.Debug|x86.ActiveCfg = Debug|Any CPU
		{450A6205-BDFA-41C8-BEDC-D23F241E037C}.Debug|x86.Build.0 = Debug|Any CPU
		{450A6205-BDFA-41C8-BEDC-D23F241E037C}.Release|Any CPU.ActiveCfg = Release|Any CPU
		{450A6205-BDFA-41C8-BEDC-D23F241E037C}.Release|Any CPU.Build.0 = Release|Any CPU
		{450A6205-BDFA-41C8-BEDC-D23F241E037C}.Release|x64.ActiveCfg = Release|Any CPU
		{450A6205-BDFA-41C8-BEDC-D23F241E037C}.Release|x64.Build.0 = Release|Any CPU
		{450A6205-BDFA-41C8-BEDC-D23F241E037C}.Release|x86.ActiveCfg = Release|Any CPU
		{450A6205-BDFA-41C8-BEDC-D23F241E037C}.Release|x86.Build.0 = Release|Any CPU
		{E51FA2AD-D1D1-D7EB-06B0-56E90B154A25}.Debug|Any CPU.ActiveCfg = Debug|Any CPU
		{E51FA2AD-D1D1-D7EB-06B0-56E90B154A25}.Debug|Any CPU.Build.0 = Debug|Any CPU
		{E51FA2AD-D1D1-D7EB-06B0-56E90B154A25}.Debug|x64.ActiveCfg = Debug|Any CPU
		{E51FA2AD-D1D1-D7EB-06B0-56E90B154A25}.Debug|x64.Build.0 = Debug|Any CPU
		{E51FA2AD-D1D1-D7EB-06B0-56E90B154A25}.Debug|x86.ActiveCfg = Debug|Any CPU
		{E51FA2AD-D1D1-D7EB-06B0-56E90B154A25}.Debug|x86.Build.0 = Debug|Any CPU
		{E51FA2AD-D1D1-D7EB-06B0-56E90B154A25}.Release|Any CPU.ActiveCfg = Release|Any CPU
		{E51FA2AD-D1D1-D7EB-06B0-56E90B154A25}.Release|Any CPU.Build.0 = Release|Any CPU
		{E51FA2AD-D1D1-D7EB-06B0-56E90B154A25}.Release|x64.ActiveCfg = Release|Any CPU
		{E51FA2AD-D1D1-D7EB-06B0-56E90B154A25}.Release|x64.Build.0 = Release|Any CPU
		{E51FA2AD-D1D1-D7EB-06B0-56E90B154A25}.Release|x86.ActiveCfg = Release|Any CPU
		{E51FA2AD-D1D1-D7EB-06B0-56E90B154A25}.Release|x86.Build.0 = Release|Any CPU
	EndGlobalSection
	GlobalSection(SolutionProperties) = preSolution
		HideSolutionNode = FALSE
	EndGlobalSection
	GlobalSection(NestedProjects) = preSolution
		{E69A7147-D030-4D6D-B1C0-35D920B0119A} = {CA253913-39DE-BFD0-C9A3-4B7EC6FBDF17}
		{B13C97DC-B0F4-4410-8AED-3C5274F1FF93} = {CA253913-39DE-BFD0-C9A3-4B7EC6FBDF17}
		{5BC84B87-8719-4619-A516-8BDE44070A73} = {CA253913-39DE-BFD0-C9A3-4B7EC6FBDF17}
		{25467FC6-894A-41E8-993A-32F0CD2BCC81} = {CA253913-39DE-BFD0-C9A3-4B7EC6FBDF17}
		{31277FBF-ADE6-4152-B909-29C8D5299116} = {0AB3BF05-4346-4AA6-1389-037BE0695223}
		{B9795E9D-0A02-4AB7-9F35-41C578D5B99C} = {0AB3BF05-4346-4AA6-1389-037BE0695223}
		{E5FD3DCA-3FDD-47E1-8429-38CBE57446C0} = {0AB3BF05-4346-4AA6-1389-037BE0695223}
		{F7067FD4-FAE3-46F1-B42D-911C82554465} = {0AB3BF05-4346-4AA6-1389-037BE0695223}
		{69EE1485-F1E4-411C-9292-7E5F0B74B359} = {0AB3BF05-4346-4AA6-1389-037BE0695223}
		{450A6205-BDFA-41C8-BEDC-D23F241E037C} = {CA253913-39DE-BFD0-C9A3-4B7EC6FBDF17}
	EndGlobalSection
	GlobalSection(ExtensibilityGlobals) = postSolution
		SolutionGuid = {573CC9C4-1493-4622-8B9B-CFEE2F4A1FA8}
	EndGlobalSection
EndGlobal
